{
  "version": "4",
  "specifiers": {
    "jsr:@hono/hono@4.6.9": "4.6.9",
    "npm:hono@4.6.9": "4.6.9",
    "npm:nanoid@5.0.8": "5.0.8"
  },
  "jsr": {
    "@hono/hono@4.6.9": {
      "integrity": "4d4975f5c023d4416d26e6dd4a498c56e59958561733f56f55a9be57f023603b"
    }
  },
  "npm": {
    "hono@4.6.9": {
      "integrity": "sha512-p/pN5yZLuZaHzyAOT2nw2/Ud6HhJHYmDNGH6Ck1OWBhPMVeM1r74jbCRwNi0gyFRjjbsGgoHbOyj7mT1PDNbTw=="
    },
    "nanoid@5.0.8": {
      "integrity": "sha512-TcJPw+9RV9dibz1hHUzlLVy8N4X9TnwirAjrU08Juo6BNKggzVfP2ZJ/3ZUSq15Xl5i85i+Z89XBO90pB2PghQ=="
    }
  },
  "workspace": {
    "dependencies": [
      "npm:nanoid@5.0.8"
    ]
  }
}
